
Microsoft Visual Studio Solution File, Format Version 12.00
# Visual Studio Version 17
VisualStudioVersion = 17.0.31903.59
MinimumVisualStudioVersion = 10.0.40219.1
Project("{2150E333-8FDC-42A3-9474-1A3956D46DE8}") = "domain", "domain", "{01D169FC-B95C-48A7-A5D4-A1FAD0532BBD}"
EndProject
Project("{FAE04EC0-301F-11D3-BF4B-00C04F79EFBC}") = "Store", "domain\Store\Store.csproj", "{67EDB329-F60B-4175-8FE5-1ECA2FCCA94E}"
EndProject
Project("{2150E333-8FDC-42A3-9474-1A3956D46DE8}") = "infastructure", "infastructure", "{C34E1CBC-0C9A-4B1E-B62F-4CE4A410F3C2}"
EndProject
Project("{FAE04EC0-301F-11D3-BF4B-00C04F79EFBC}") = "Store.Memory", "infastructure\Store.Memory\Store.Memory.csproj", "{974BE606-D27D-4D3B-A410-F1DF1503F323}"
EndProject
Project("{2150E333-8FDC-42A3-9474-1A3956D46DE8}") = "presentation", "presentation", "{59B8CC1E-710C-4EC6-9D9B-A3AD9EA9F220}"
EndProject
Project("{FAE04EC0-301F-11D3-BF4B-00C04F79EFBC}") = "store.Web", "presentation\store.Web\store.Web.csproj", "{0D6DE53C-ECB1-47E4-A56C-BAC4B4C385F2}"
EndProject
Global
	GlobalSection(SolutionConfigurationPlatforms) = preSolution
		Debug|Any CPU = Debug|Any CPU
		Release|Any CPU = Release|Any CPU
	EndGlobalSection
	GlobalSection(ProjectConfigurationPlatforms) = postSolution
		{67EDB329-F60B-4175-8FE5-1ECA2FCCA94E}.Debug|Any CPU.ActiveCfg = Debug|Any CPU
		{67EDB329-F60B-4175-8FE5-1ECA2FCCA94E}.Debug|Any CPU.Build.0 = Debug|Any CPU
		{67EDB329-F60B-4175-8FE5-1ECA2FCCA94E}.Release|Any CPU.ActiveCfg = Release|Any CPU
		{67EDB329-F60B-4175-8FE5-1ECA2FCCA94E}.Release|Any CPU.Build.0 = Release|Any CPU
		{974BE606-D27D-4D3B-A410-F1DF1503F323}.Debug|Any CPU.ActiveCfg = Debug|Any CPU
		{974BE606-D27D-4D3B-A410-F1DF1503F323}.Debug|Any CPU.Build.0 = Debug|Any CPU
		{974BE606-D27D-4D3B-A410-F1DF1503F323}.Release|Any CPU.ActiveCfg = Release|Any CPU
		{974BE606-D27D-4D3B-A410-F1DF1503F323}.Release|Any CPU.Build.0 = Release|Any CPU
		{0D6DE53C-ECB1-47E4-A56C-BAC4B4C385F2}.Debug|Any CPU.ActiveCfg = Debug|Any CPU
		{0D6DE53C-ECB1-47E4-A56C-BAC4B4C385F2}.Debug|Any CPU.Build.0 = Debug|Any CPU
		{0D6DE53C-ECB1-47E4-A56C-BAC4B4C385F2}.Release|Any CPU.ActiveCfg = Release|Any CPU
		{0D6DE53C-ECB1-47E4-A56C-BAC4B4C385F2}.Release|Any CPU.Build.0 = Release|Any CPU
	EndGlobalSection
	GlobalSection(SolutionProperties) = preSolution
		HideSolutionNode = FALSE
	EndGlobalSection
	GlobalSection(NestedProjects) = preSolution
		{67EDB329-F60B-4175-8FE5-1ECA2FCCA94E} = {01D169FC-B95C-48A7-A5D4-A1FAD0532BBD}
		{974BE606-D27D-4D3B-A410-F1DF1503F323} = {C34E1CBC-0C9A-4B1E-B62F-4CE4A410F3C2}
		{0D6DE53C-ECB1-47E4-A56C-BAC4B4C385F2} = {59B8CC1E-710C-4EC6-9D9B-A3AD9EA9F220}
	EndGlobalSection
EndGlobal
